
Microsoft Visual Studio Solution File, Format Version 12.00
# Visual Studio Version 16
VisualStudioVersion = 25.0.1703.6
MinimumVisualStudioVersion = 10.0.40219.1
Project("{FAE04EC0-301F-11D3-BF4B-00C04F79EFBC}") = "SecondTask", "SecondTask\SecondTask.csproj", "{C822D67E-5661-45EB-8BE0-9E265E8F61E0}"
EndProject
Global
	GlobalSection(SolutionConfigurationPlatforms) = preSolution
		Debug|Any CPU = Debug|Any CPU
		Release|Any CPU = Release|Any CPU
	EndGlobalSection
	GlobalSection(ProjectConfigurationPlatforms) = postSolution
		{C822D67E-5661-45EB-8BE0-9E265E8F61E0}.Debug|Any CPU.ActiveCfg = Debug|Any CPU
		{C822D67E-5661-45EB-8BE0-9E265E8F61E0}.Debug|Any CPU.Build.0 = Debug|Any CPU
		{C822D67E-5661-45EB-8BE0-9E265E8F61E0}.Release|Any CPU.ActiveCfg = Release|Any CPU
		{C822D67E-5661-45EB-8BE0-9E265E8F61E0}.Release|Any CPU.Build.0 = Release|Any CPU
	EndGlobalSection
	GlobalSection(SolutionProperties) = preSolution
		HideSolutionNode = FALSE
	EndGlobalSection
	GlobalSection(ExtensibilityGlobals) = postSolution
		SolutionGuid = {B277FE09-6ACD-49A8-9CD6-63FC085A0379}
	EndGlobalSection
EndGlobal
